// !$*UTF8*$!
{
	archiveVersion = 1;
	classes = {
	};
	objectVersion = 50;
	objects = {

/* Begin PBXBuildFile section */
		1899EC96251939CE00386982 /* AppDelegate.swift in Sources */ = {isa = PBXBuildFile; fileRef = 1899EC95251939CE00386982 /* AppDelegate.swift */; };
		1899EC98251939CE00386982 /* SceneDelegate.swift in Sources */ = {isa = PBXBuildFile; fileRef = 1899EC97251939CE00386982 /* SceneDelegate.swift */; };
		1899EC9A251939CE00386982 /* ViewController.swift in Sources */ = {isa = PBXBuildFile; fileRef = 1899EC99251939CE00386982 /* ViewController.swift */; };
		1899EC9D251939CE00386982 /* Main.storyboard in Resources */ = {isa = PBXBuildFile; fileRef = 1899EC9B251939CE00386982 /* Main.storyboard */; };
		1899EC9F251939D200386982 /* Assets.xcassets in Resources */ = {isa = PBXBuildFile; fileRef = 1899EC9E251939D200386982 /* Assets.xcassets */; };
		1899ECA2251939D200386982 /* LaunchScreen.storyboard in Resources */ = {isa = PBXBuildFile; fileRef = 1899ECA0251939D200386982 /* LaunchScreen.storyboard */; };
		1899ECAA25193A2F00386982 /* MainVC.swift in Sources */ = {isa = PBXBuildFile; fileRef = 1899ECA925193A2F00386982 /* MainVC.swift */; };
		1899ECAC25193B5500386982 /* MainView.swift in Sources */ = {isa = PBXBuildFile; fileRef = 1899ECAB25193B5500386982 /* MainView.swift */; };
		1899ECAE25193CCA00386982 /* Extensions.swift in Sources */ = {isa = PBXBuildFile; fileRef = 1899ECAD25193CCA00386982 /* Extensions.swift */; };
		1899ECB025193F3600386982 /* Messages.swift in Sources */ = {isa = PBXBuildFile; fileRef = 1899ECAF25193F3600386982 /* Messages.swift */; };
/* End PBXBuildFile section */

/* Begin PBXFileReference section */
		1899EC92251939CE00386982 /* Excuse Myself.app */ = {isa = PBXFileReference; explicitFileType = wrapper.application; includeInIndex = 0; path = "Excuse Myself.app"; sourceTree = BUILT_PRODUCTS_DIR; };
		1899EC95251939CE00386982 /* AppDelegate.swift */ = {isa = PBXFileReference; lastKnownFileType = sourcecode.swift; path = AppDelegate.swift; sourceTree = "<group>"; };
		1899EC97251939CE00386982 /* SceneDelegate.swift */ = {isa = PBXFileReference; lastKnownFileType = sourcecode.swift; path = SceneDelegate.swift; sourceTree = "<group>"; };
		1899EC99251939CE00386982 /* ViewController.swift */ = {isa = PBXFileReference; lastKnownFileType = sourcecode.swift; path = ViewController.swift; sourceTree = "<group>"; };
		1899EC9C251939CE00386982 /* Base */ = {isa = PBXFileReference; lastKnownFileType = file.storyboard; name = Base; path = Base.lproj/Main.storyboard; sourceTree = "<group>"; };
		1899EC9E251939D200386982 /* Assets.xcassets */ = {isa = PBXFileReference; lastKnownFileType = folder.assetcatalog; path = Assets.xcassets; sourceTree = "<group>"; };
		1899ECA1251939D200386982 /* Base */ = {isa = PBXFileReference; lastKnownFileType = file.storyboard; name = Base; path = Base.lproj/LaunchScreen.storyboard; sourceTree = "<group>"; };
		1899ECA3251939D200386982 /* Info.plist */ = {isa = PBXFileReference; lastKnownFileType = text.plist.xml; path = Info.plist; sourceTree = "<group>"; };
		1899ECA925193A2F00386982 /* MainVC.swift */ = {isa = PBXFileReference; lastKnownFileType = sourcecode.swift; path = MainVC.swift; sourceTree = "<group>"; };
		1899ECAB25193B5500386982 /* MainView.swift */ = {isa = PBXFileReference; lastKnownFileType = sourcecode.swift; path = MainView.swift; sourceTree = "<group>"; };
		1899ECAD25193CCA00386982 /* Extensions.swift */ = {isa = PBXFileReference; lastKnownFileType = sourcecode.swift; path = Extensions.swift; sourceTree = "<group>"; };
		1899ECAF25193F3600386982 /* Messages.swift */ = {isa = PBXFileReference; lastKnownFileType = sourcecode.swift; path = Messages.swift; sourceTree = "<group>"; };
/* End PBXFileReference section */

/* Begin PBXFrameworksBuildPhase section */
		1899EC8F251939CE00386982 /* Frameworks */ = {
			isa = PBXFrameworksBuildPhase;
			buildActionMask = 2147483647;
			files = (
			);
			runOnlyForDeploymentPostprocessing = 0;
		};
/* End PBXFrameworksBuildPhase section */

/* Begin PBXGroup section */
		182EBD53253CC8B800DE373D /* Model */ = {
			isa = PBXGroup;
			children = (
				1899ECAF25193F3600386982 /* Messages.swift */,
			);
			path = Model;
			sourceTree = "<group>";
		};
		182EBD54253CC8BC00DE373D /* View */ = {
			isa = PBXGroup;
			children = (
				1899ECAB25193B5500386982 /* MainView.swift */,
			);
			path = View;
			sourceTree = "<group>";
		};
		182EBD55253CC8C300DE373D /* Controller */ = {
			isa = PBXGroup;
			children = (
				1899ECA925193A2F00386982 /* MainVC.swift */,
			);
			path = Controller;
			sourceTree = "<group>";
		};
		182EBD56253CC8D400DE373D /* Utils */ = {
			isa = PBXGroup;
			children = (
				1899ECAD25193CCA00386982 /* Extensions.swift */,
			);
			path = Utils;
			sourceTree = "<group>";
		};
		1899EC89251939CE00386982 = {
			isa = PBXGroup;
			children = (
				1899EC94251939CE00386982 /* Excuse Myself */,
				1899EC93251939CE00386982 /* Products */,
			);
			sourceTree = "<group>";
		};
		1899EC93251939CE00386982 /* Products */ = {
			isa = PBXGroup;
			children = (
				1899EC92251939CE00386982 /* Excuse Myself.app */,
			);
			name = Products;
			sourceTree = "<group>";
		};
		1899EC94251939CE00386982 /* Excuse Myself */ = {
			isa = PBXGroup;
			children = (
				182EBD56253CC8D400DE373D /* Utils */,
				182EBD55253CC8C300DE373D /* Controller */,
				182EBD54253CC8BC00DE373D /* View */,
				182EBD53253CC8B800DE373D /* Model */,
				1899EC95251939CE00386982 /* AppDelegate.swift */,
				1899EC97251939CE00386982 /* SceneDelegate.swift */,
				1899EC99251939CE00386982 /* ViewController.swift */,
				1899EC9B251939CE00386982 /* Main.storyboard */,
				1899EC9E251939D200386982 /* Assets.xcassets */,
				1899ECA0251939D200386982 /* LaunchScreen.storyboard */,
				1899ECA3251939D200386982 /* Info.plist */,
			);
			path = "Excuse Myself";
			sourceTree = "<group>";
		};
/* End PBXGroup section */

/* Begin PBXNativeTarget section */
		1899EC91251939CE00386982 /* Excuse Myself */ = {
			isa = PBXNativeTarget;
			buildConfigurationList = 1899ECA6251939D200386982 /* Build configuration list for PBXNativeTarget "Excuse Myself" */;
			buildPhases = (
				1899EC8E251939CE00386982 /* Sources */,
				1899EC8F251939CE00386982 /* Frameworks */,
				1899EC90251939CE00386982 /* Resources */,
			);
			buildRules = (
			);
			dependencies = (
			);
			name = "Excuse Myself";
			productName = "Excuse Myself";
			productReference = 1899EC92251939CE00386982 /* Excuse Myself.app */;
			productType = "com.apple.product-type.application";
		};
/* End PBXNativeTarget section */

/* Begin PBXProject section */
		1899EC8A251939CE00386982 /* Project object */ = {
			isa = PBXProject;
			attributes = {
				LastSwiftUpdateCheck = 1140;
				LastUpgradeCheck = 1200;
				ORGANIZATIONNAME = "Mattias Törnqvist";
				TargetAttributes = {
					1899EC91251939CE00386982 = {
						CreatedOnToolsVersion = 11.4.1;
					};
				};
			};
			buildConfigurationList = 1899EC8D251939CE00386982 /* Build configuration list for PBXProject "Excuse Myself" */;
			compatibilityVersion = "Xcode 9.3";
			developmentRegion = en;
			hasScannedForEncodings = 0;
			knownRegions = (
				en,
				Base,
			);
			mainGroup = 1899EC89251939CE00386982;
			productRefGroup = 1899EC93251939CE00386982 /* Products */;
			projectDirPath = "";
			projectRoot = "";
			targets = (
				1899EC91251939CE00386982 /* Excuse Myself */,
			);
		};
/* End PBXProject section */

/* Begin PBXResourcesBuildPhase section */
		1899EC90251939CE00386982 /* Resources */ = {
			isa = PBXResourcesBuildPhase;
			buildActionMask = 2147483647;
			files = (
				1899ECA2251939D200386982 /* LaunchScreen.storyboard in Resources */,
				1899EC9F251939D200386982 /* Assets.xcassets in Resources */,
				1899EC9D251939CE00386982 /* Main.storyboard in Resources */,
			);
			runOnlyForDeploymentPostprocessing = 0;
		};
/* End PBXResourcesBuildPhase section */

/* Begin PBXSourcesBuildPhase section */
		1899EC8E251939CE00386982 /* Sources */ = {
			isa = PBXSourcesBuildPhase;
			buildActionMask = 2147483647;
			files = (
				1899EC9A251939CE00386982 /* ViewController.swift in Sources */,
				1899ECAE25193CCA00386982 /* Extensions.swift in Sources */,
				1899ECAA25193A2F00386982 /* MainVC.swift in Sources */,
				1899EC96251939CE00386982 /* AppDelegate.swift in Sources */,
				1899ECAC25193B5500386982 /* MainView.swift in Sources */,
				1899EC98251939CE00386982 /* SceneDelegate.swift in Sources */,
				1899ECB025193F3600386982 /* Messages.swift in Sources */,
			);
			runOnlyForDeploymentPostprocessing = 0;
		};
/* End PBXSourcesBuildPhase section */

/* Begin PBXVariantGroup section */
		1899EC9B251939CE00386982 /* Main.storyboard */ = {
			isa = PBXVariantGroup;
			children = (
				1899EC9C251939CE00386982 /* Base */,
			);
			name = Main.storyboard;
			sourceTree = "<group>";
		};
		1899ECA0251939D200386982 /* LaunchScreen.storyboard */ = {
			isa = PBXVariantGroup;
			children = (
				1899ECA1251939D200386982 /* Base */,
			);
			name = LaunchScreen.storyboard;
			sourceTree = "<group>";
		};
/* End PBXVariantGroup section */

/* Begin XCBuildConfiguration section */
		1899ECA4251939D200386982 /* Debug */ = {
			isa = XCBuildConfiguration;
			buildSettings = {
				ALWAYS_SEARCH_USER_PATHS = NO;
				CLANG_ANALYZER_NONNULL = YES;
				CLANG_ANALYZER_NUMBER_OBJECT_CONVERSION = YES_AGGRESSIVE;
				CLANG_CXX_LANGUAGE_STANDARD = "gnu++14";
				CLANG_CXX_LIBRARY = "libc++";
				CLANG_ENABLE_MODULES = YES;
				CLANG_ENABLE_OBJC_ARC = YES;
				CLANG_ENABLE_OBJC_WEAK = YES;
				CLANG_WARN_BLOCK_CAPTURE_AUTORELEASING = YES;
				CLANG_WARN_BOOL_CONVERSION = YES;
				CLANG_WARN_COMMA = YES;
				CLANG_WARN_CONSTANT_CONVERSION = YES;
				CLANG_WARN_DEPRECATED_OBJC_IMPLEMENTATIONS = YES;
				CLANG_WARN_DIRECT_OBJC_ISA_USAGE = YES_ERROR;
				CLANG_WARN_DOCUMENTATION_COMMENTS = YES;
				CLANG_WARN_EMPTY_BODY = YES;
				CLANG_WARN_ENUM_CONVERSION = YES;
				CLANG_WARN_INFINITE_RECURSION = YES;
				CLANG_WARN_INT_CONVERSION = YES;
				CLANG_WARN_NON_LITERAL_NULL_CONVERSION = YES;
				CLANG_WARN_OBJC_IMPLICIT_RETAIN_SELF = YES;
				CLANG_WARN_OBJC_LITERAL_CONVERSION = YES;
				CLANG_WARN_OBJC_ROOT_CLASS = YES_ERROR;
				CLANG_WARN_QUOTED_INCLUDE_IN_FRAMEWORK_HEADER = YES;
				CLANG_WARN_RANGE_LOOP_ANALYSIS = YES;
				CLANG_WARN_STRICT_PROTOTYPES = YES;
				CLANG_WARN_SUSPICIOUS_MOVE = YES;
				CLANG_WARN_UNGUARDED_AVAILABILITY = YES_AGGRESSIVE;
				CLANG_WARN_UNREACHABLE_CODE = YES;
				CLANG_WARN__DUPLICATE_METHOD_MATCH = YES;
				COPY_PHASE_STRIP = NO;
				DEBUG_INFORMATION_FORMAT = dwarf;
				ENABLE_STRICT_OBJC_MSGSEND = YES;
				ENABLE_TESTABILITY = YES;
				GCC_C_LANGUAGE_STANDARD = gnu11;
				GCC_DYNAMIC_NO_PIC = NO;
				GCC_NO_COMMON_BLOCKS = YES;
				GCC_OPTIMIZATION_LEVEL = 0;
				GCC_PREPROCESSOR_DEFINITIONS = (
					"DEBUG=1",
					"$(inherited)",
				);
				GCC_WARN_64_TO_32_BIT_CONVERSION = YES;
				GCC_WARN_ABOUT_RETURN_TYPE = YES_ERROR;
				GCC_WARN_UNDECLARED_SELECTOR = YES;
				GCC_WARN_UNINITIALIZED_AUTOS = YES_AGGRESSIVE;
				GCC_WARN_UNUSED_FUNCTION = YES;
				GCC_WARN_UNUSED_VARIABLE = YES;
				IPHONEOS_DEPLOYMENT_TARGET = 14.0;
				MTL_ENABLE_DEBUG_INFO = INCLUDE_SOURCE;
				MTL_FAST_MATH = YES;
				ONLY_ACTIVE_ARCH = YES;
				SDKROOT = iphoneos;
				SWIFT_ACTIVE_COMPILATION_CONDITIONS = DEBUG;
				SWIFT_OPTIMIZATION_LEVEL = "-Onone";
			};
			name = Debug;
		};
		1899ECA5251939D200386982 /* Release */ = {
			isa = XCBuildConfiguration;
			buildSettings = {
				ALWAYS_SEARCH_USER_PATHS = NO;
				CLANG_ANALYZER_NONNULL = YES;
				CLANG_ANALYZER_NUMBER_OBJECT_CONVERSION = YES_AGGRESSIVE;
				CLANG_CXX_LANGUAGE_STANDARD = "gnu++14";
				CLANG_CXX_LIBRARY = "libc++";
				CLANG_ENABLE_MODULES = YES;
				CLANG_ENABLE_OBJC_ARC = YES;
				CLANG_ENABLE_OBJC_WEAK = YES;
				CLANG_WARN_BLOCK_CAPTURE_AUTORELEASING = YES;
				CLANG_WARN_BOOL_CONVERSION = YES;
				CLANG_WARN_COMMA = YES;
				CLANG_WARN_CONSTANT_CONVERSION = YES;
				CLANG_WARN_DEPRECATED_OBJC_IMPLEMENTATIONS = YES;
				CLANG_WARN_DIRECT_OBJC_ISA_USAGE = YES_ERROR;
				CLANG_WARN_DOCUMENTATION_COMMENTS = YES;
				CLANG_WARN_EMPTY_BODY = YES;
				CLANG_WARN_ENUM_CONVERSION = YES;
				CLANG_WARN_INFINITE_RECURSION = YES;
				CLANG_WARN_INT_CONVERSION = YES;
				CLANG_WARN_NON_LITERAL_NULL_CONVERSION = YES;
				CLANG_WARN_OBJC_IMPLICIT_RETAIN_SELF = YES;
				CLANG_WARN_OBJC_LITERAL_CONVERSION = YES;
				CLANG_WARN_OBJC_ROOT_CLASS = YES_ERROR;
				CLANG_WARN_QUOTED_INCLUDE_IN_FRAMEWORK_HEADER = YES;
				CLANG_WARN_RANGE_LOOP_ANALYSIS = YES;
				CLANG_WARN_STRICT_PROTOTYPES = YES;
				CLANG_WARN_SUSPICIOUS_MOVE = YES;
				CLANG_WARN_UNGUARDED_AVAILABILITY = YES_AGGRESSIVE;
				CLANG_WARN_UNREACHABLE_CODE = YES;
				CLANG_WARN__DUPLICATE_METHOD_MATCH = YES;
				COPY_PHASE_STRIP = NO;
				DEBUG_INFORMATION_FORMAT = "dwarf-with-dsym";
				ENABLE_NS_ASSERTIONS = NO;
				ENABLE_STRICT_OBJC_MSGSEND = YES;
				GCC_C_LANGUAGE_STANDARD = gnu11;
				GCC_NO_COMMON_BLOCKS = YES;
				GCC_WARN_64_TO_32_BIT_CONVERSION = YES;
				GCC_WARN_ABOUT_RETURN_TYPE = YES_ERROR;
				GCC_WARN_UNDECLARED_SELECTOR = YES;
				GCC_WARN_UNINITIALIZED_AUTOS = YES_AGGRESSIVE;
				GCC_WARN_UNUSED_FUNCTION = YES;
				GCC_WARN_UNUSED_VARIABLE = YES;
				IPHONEOS_DEPLOYMENT_TARGET = 14.0;
				MTL_ENABLE_DEBUG_INFO = NO;
				MTL_FAST_MATH = YES;
				SDKROOT = iphoneos;
				SWIFT_COMPILATION_MODE = wholemodule;
				SWIFT_OPTIMIZATION_LEVEL = "-O";
				VALIDATE_PRODUCT = YES;
			};
			name = Release;
		};
		1899ECA7251939D200386982 /* Debug */ = {
			isa = XCBuildConfiguration;
			buildSettings = {
				ASSETCATALOG_COMPILER_APPICON_NAME = AppIcon;
				CODE_SIGN_STYLE = Automatic;
				DEVELOPMENT_TEAM = WG4UTZ7ADU;
				INFOPLIST_FILE = "Excuse Myself/Info.plist";
				LD_RUNPATH_SEARCH_PATHS = (
					"$(inherited)",
					"@executable_path/Frameworks",
				);
				PRODUCT_BUNDLE_IDENTIFIER = "com.mattiasprivate.Excuse-Myself";
				PRODUCT_NAME = "$(TARGET_NAME)";
				SWIFT_VERSION = 5.0;
				TARGETED_DEVICE_FAMILY = "1,2";
			};
			name = Debug;
		};
		1899ECA8251939D200386982 /* Release */ = {
			isa = XCBuildConfiguration;
			buildSettings = {
				ASSETCATALOG_COMPILER_APPICON_NAME = AppIcon;
				CODE_SIGN_STYLE = Automatic;
				DEVELOPMENT_TEAM = WG4UTZ7ADU;
				INFOPLIST_FILE = "Excuse Myself/Info.plist";
				LD_RUNPATH_SEARCH_PATHS = (
					"$(inherited)",
					"@executable_path/Frameworks",
				);
				PRODUCT_BUNDLE_IDENTIFIER = "com.mattiasprivate.Excuse-Myself";
				PRODUCT_NAME = "$(TARGET_NAME)";
				SWIFT_VERSION = 5.0;
				TARGETED_DEVICE_FAMILY = "1,2";
			};
			name = Release;
		};
/* End XCBuildConfiguration section */

/* Begin XCConfigurationList section */
		1899EC8D251939CE00386982 /* Build configuration list for PBXProject "Excuse Myself" */ = {
			isa = XCConfigurationList;
			buildConfigurations = (
				1899ECA4251939D200386982 /* Debug */,
				1899ECA5251939D200386982 /* Release */,
			);
			defaultConfigurationIsVisible = 0;
			defaultConfigurationName = Release;
		};
		1899ECA6251939D200386982 /* Build configuration list for PBXNativeTarget "Excuse Myself" */ = {
			isa = XCConfigurationList;
			buildConfigurations = (
				1899ECA7251939D200386982 /* Debug */,
				1899ECA8251939D200386982 /* Release */,
			);
			defaultConfigurationIsVisible = 0;
			defaultConfigurationName = Release;
		};
/* End XCConfigurationList section */
	};
	rootObject = 1899EC8A251939CE00386982 /* Project object */;
}
